
Microsoft Visual Studio Solution File, Format Version 12.00
# Visual Studio Version 17
VisualStudioVersion = 17.4.33122.133
MinimumVisualStudioVersion = 10.0.40219.1
Project("{FAE04EC0-301F-11D3-BF4B-00C04F79EFBC}") = "200601041_Utku_Keşanlı_FinalOdev", "VeriProje\200601041_Utku_Keşanlı_FinalOdev.csproj", "{16AD41ED-5548-437C-92BF-07ED073A6836}"
EndProject
Global
	GlobalSection(SolutionConfigurationPlatforms) = preSolution
		Debug|Any CPU = Debug|Any CPU
		Release|Any CPU = Release|Any CPU
	EndGlobalSection
	GlobalSection(ProjectConfigurationPlatforms) = postSolution
		{16AD41ED-5548-437C-92BF-07ED073A6836}.Debug|Any CPU.ActiveCfg = Debug|Any CPU
		{16AD41ED-5548-437C-92BF-07ED073A6836}.Debug|Any CPU.Build.0 = Debug|Any CPU
		{16AD41ED-5548-437C-92BF-07ED073A6836}.Release|Any CPU.ActiveCfg = Release|Any CPU
		{16AD41ED-5548-437C-92BF-07ED073A6836}.Release|Any CPU.Build.0 = Release|Any CPU
	EndGlobalSection
	GlobalSection(SolutionProperties) = preSolution
		HideSolutionNode = FALSE
	EndGlobalSection
	GlobalSection(ExtensibilityGlobals) = postSolution
		SolutionGuid = {8CC01815-AA50-49B4-B695-C0D8713C0F60}
	EndGlobalSection
EndGlobal
